Microsoft Visual Studio Solution File, Format Version 8.00
# Visual C++ Express 2005
Project("{60677665-4CF3-44F8-940B-59423F0B4E8F}") = "SoundPainter", "SoundPainter.vcproj", "{9A0B9B4A-B258-BDE7-FB62-BE1532AB1DF8}"
EndProject
Global
	GlobalSection(SolutionConfigurationPlatforms) = preSolution
		Debug|Win32 = Debug|Win32
		Release|Win32 = Release|Win32
	EndGlobalSection
	GlobalSection(ProjectConfigurationPlatforms) = postSolution
		{9A0B9B4A-B258-BDE7-FB62-BE1532AB1DF8}.Debug|Win32.ActiveCfg = Debug|Win32
		{9A0B9B4A-B258-BDE7-FB62-BE1532AB1DF8}.Debug|Win32.Build.0 = Debug|Win32
		{9A0B9B4A-B258-BDE7-FB62-BE1532AB1DF8}.Release|Win32.ActiveCfg = Release|Win32
		{9A0B9B4A-B258-BDE7-FB62-BE1532AB1DF8}.Release|Win32.Build.0 = Release|Win32
	EndGlobalSection
	GlobalSection(SolutionProperties) = preSolution
		HideSolutionNode = FALSE
	EndGlobalSection
EndGlobal
