// !$*UTF8*$!
{
	archiveVersion = 1;
	classes = {
	};
	objectVersion = 44;
	objects = {

		9D3F1BAB1D48DDECB9F35916 = { isa = PBXBuildFile; fileRef = 4D77EF247CC65764BE31F6B8; };
		BB2F22301BC0B61B96190C49 = { isa = PBXBuildFile; fileRef = 1F33CB01C5B88B5D0490E1E8; };
		F9763090AD563D7CE352A9DC = { isa = PBXBuildFile; fileRef = 9D74F6D6075897199CB37460; };
		B5FB5C1A68248335BC0ADE32 = { isa = PBXBuildFile; fileRef = FBBADEC603AB0E878C1A0CC1; };
		71F8751C52F2BEA7F1328ED1 = { isa = PBXBuildFile; fileRef = C9E4114C9686F29C29D1C26E; };
		A5CCB73411488E748522A9C8 = { isa = PBXBuildFile; fileRef = 3771FF39E3C78FFA01D4D454; };
		FD6152877F2073E1A4973632 = { isa = PBXBuildFile; fileRef = 27C2C16D17BE642A3F583883; };
		A8DED69F4B8575700D135133 = { isa = PBXBuildFile; fileRef = C9A4F2C50E392E83DE6D2E98; };
		0D74C58CD8800C0164F381E7 = { isa = PBXBuildFile; fileRef = B4F1495869814CF6F1D7498D; };
		4D77EF247CC65764BE31F6B8 = { isa = PBXFileReference; lastKnownFileType = wrapper.framework; name = UIKit.framework; path = System/Library/Frameworks/UIKit.framework; sourceTree = SDKROOT; };
		1F33CB01C5B88B5D0490E1E8 = { isa = PBXFileReference; lastKnownFileType = wrapper.framework; name = Foundation.framework; path = System/Library/Frameworks/Foundation.framework; sourceTree = SDKROOT; };
		9D74F6D6075897199CB37460 = { isa = PBXFileReference; lastKnownFileType = wrapper.framework; name = CoreGraphics.framework; path = System/Library/Frameworks/CoreGraphics.framework; sourceTree = SDKROOT; };
		FBBADEC603AB0E878C1A0CC1 = { isa = PBXFileReference; lastKnownFileType = wrapper.framework; name = AudioToolbox.framework; path = System/Library/Frameworks/AudioToolbox.framework; sourceTree = SDKROOT; };
		C9E4114C9686F29C29D1C26E = { isa = PBXFileReference; lastKnownFileType = wrapper.framework; name = QuartzCore.framework; path = System/Library/Frameworks/QuartzCore.framework; sourceTree = SDKROOT; };
		3771FF39E3C78FFA01D4D454 = { isa = PBXFileReference; lastKnownFileType = wrapper.framework; name = OpenGLES.framework; path = System/Library/Frameworks/OpenGLES.framework; sourceTree = SDKROOT; };
		B80618A036F4794E88624C20 = { isa = PBXFileReference; explicitFileType = wrapper.application; includeInIndex = 0; path = SoundPainter.app; sourceTree = BUILT_PRODUCTS_DIR; };
		9AEA76A2772CB34E58F00FAE = { isa = PBXFileReference; lastKnownFileType = text.plist.xml; name = Info.plist; path = Info.plist; sourceTree = SOURCE_ROOT; };
		27C2C16D17BE642A3F583883 = { isa = PBXFileReference; lastKnownFileType = sourcecode.cpp.cpp; name = MainWindow.cpp; path = ../../Source/MainWindow.cpp; sourceTree = SOURCE_ROOT; };
		EF0D2EAB2C8848655444EA52 = { isa = PBXFileReference; lastKnownFileType = sourcecode.c.h; name = MainWindow.h; path = ../../Source/MainWindow.h; sourceTree = SOURCE_ROOT; };
		C9A4F2C50E392E83DE6D2E98 = { isa = PBXFileReference; lastKnownFileType = sourcecode.cpp.cpp; name = Main.cpp; path = ../../Source/Main.cpp; sourceTree = SOURCE_ROOT; };
		6E754C2C66FB8F576857FFEF = { isa = PBXFileReference; lastKnownFileType = sourcecode.c.h; name = AppConfig.h; path = ../../JuceLibraryCode/AppConfig.h; sourceTree = SOURCE_ROOT; };
		25F113D968B5B4B8DD63724F = { isa = PBXFileReference; lastKnownFileType = sourcecode.c.h; name = JuceHeader.h; path = ../../JuceLibraryCode/JuceHeader.h; sourceTree = SOURCE_ROOT; };
		B4F1495869814CF6F1D7498D = { isa = PBXFileReference; lastKnownFileType = sourcecode.cpp.objcpp; name = JuceLibraryCode.mm; path = ../../JuceLibraryCode/JuceLibraryCode.mm; sourceTree = SOURCE_ROOT; };
		6262BE685D0F5B604F52E7F3 = { isa = PBXGroup; children = (
				27C2C16D17BE642A3F583883,
				EF0D2EAB2C8848655444EA52,
				C9A4F2C50E392E83DE6D2E98 ); name = Source; sourceTree = "<group>"; };
		CC7BF08E2EFCA89282DC640F = { isa = PBXGroup; children = (
				6E754C2C66FB8F576857FFEF,
				25F113D968B5B4B8DD63724F,
				B4F1495869814CF6F1D7498D ); name = "Juce Library Code"; sourceTree = "<group>"; };
		80EA60638268EDD043D06921 = { isa = PBXGroup; children = (
				9AEA76A2772CB34E58F00FAE ); name = Resources; sourceTree = "<group>"; };
		A388263759D18FC8B33D1482 = { isa = PBXGroup; children = (
				4D77EF247CC65764BE31F6B8,
				1F33CB01C5B88B5D0490E1E8,
				9D74F6D6075897199CB37460,
				FBBADEC603AB0E878C1A0CC1,
				C9E4114C9686F29C29D1C26E,
				3771FF39E3C78FFA01D4D454 ); name = Frameworks; sourceTree = "<group>"; };
		BE9EF3B3C811FA00AD3268EE = { isa = PBXGroup; children = (
				B80618A036F4794E88624C20 ); name = Products; sourceTree = "<group>"; };
		1AFB455D09754971E26E2EE3 = { isa = PBXGroup; children = (
				6262BE685D0F5B604F52E7F3,
				CC7BF08E2EFCA89282DC640F,
				80EA60638268EDD043D06921,
				A388263759D18FC8B33D1482,
				BE9EF3B3C811FA00AD3268EE ); name = Source; sourceTree = "<group>"; };
		73A8DACD4C736A9DB725F670 = { isa = XCBuildConfiguration; buildSettings = {
				ARCHS = "$(ARCHS_STANDARD_32_BIT)";
				PREBINDING = NO;
				HEADER_SEARCH_PATHS = "~/SDKs/vstsdk2.4 $(inherited)";
				GCC_OPTIMIZATION_LEVEL = 0;
				INFOPLIST_FILE = Info.plist;
				INSTALL_PATH = "$(HOME)/Applications";
				SDKROOT = iphonesimulator3.2;
				ONLY_ACTIVE_ARCH = YES;
				COPY_PHASE_STRIP = NO;
				GCC_DYNAMIC_NO_PIC = NO;
				GCC_ENABLE_FIX_AND_CONTINUE = NO;
				GCC_PREPROCESSOR_DEFINITIONS = (
				"_DEBUG=1",
				"DEBUG=1",
				"JUCER_XCODE_IPHONE_5BC26AE3=1"); }; name = Debug; };
		0D44533F66DBFF87CD817447 = { isa = XCBuildConfiguration; buildSettings = {
				ARCHS = "$(ARCHS_STANDARD_32_BIT)";
				PREBINDING = NO;
				HEADER_SEARCH_PATHS = "~/SDKs/vstsdk2.4 $(inherited)";
				GCC_OPTIMIZATION_LEVEL = s;
				INFOPLIST_FILE = Info.plist;
				INSTALL_PATH = "$(HOME)/Applications";
				SDKROOT = iphonesimulator3.2;
				GCC_GENERATE_DEBUGGING_SYMBOLS = NO;
				GCC_SYMBOLS_PRIVATE_EXTERN = YES;
				GCC_PREPROCESSOR_DEFINITIONS = (
				"_NDEBUG=1",
				"NDEBUG=1",
				"JUCER_XCODE_IPHONE_5BC26AE3=1"); }; name = Release; };
		0EF712F92B766F87C610FA04 = { isa = XCBuildConfiguration; buildSettings = {
				ALWAYS_SEARCH_USER_PATHS = NO;
				GCC_C_LANGUAGE_STANDARD = c99;
				GCC_WARN_ABOUT_RETURN_TYPE = YES;
				GCC_WARN_CHECK_SWITCH_STATEMENTS = YES;
				GCC_WARN_UNUSED_VARIABLE = YES;
				GCC_WARN_MISSING_PARENTHESES = YES;
				GCC_WARN_NON_VIRTUAL_DESTRUCTOR = YES;
				GCC_WARN_TYPECHECK_CALLS_TO_PRINTF = YES;
				WARNING_CFLAGS = -Wreorder;
				GCC_MODEL_TUNING = G5;
				GCC_INLINES_ARE_PRIVATE_EXTERN = YES;
				ZERO_LINK = NO;
				DEBUG_INFORMATION_FORMAT = "dwarf";
				PRODUCT_NAME = "SoundPainter"; }; name = Debug; };
		E27DC565F42D710CEBFE0B17 = { isa = XCBuildConfiguration; buildSettings = {
				ALWAYS_SEARCH_USER_PATHS = NO;
				GCC_C_LANGUAGE_STANDARD = c99;
				GCC_WARN_ABOUT_RETURN_TYPE = YES;
				GCC_WARN_CHECK_SWITCH_STATEMENTS = YES;
				GCC_WARN_UNUSED_VARIABLE = YES;
				GCC_WARN_MISSING_PARENTHESES = YES;
				GCC_WARN_NON_VIRTUAL_DESTRUCTOR = YES;
				GCC_WARN_TYPECHECK_CALLS_TO_PRINTF = YES;
				WARNING_CFLAGS = -Wreorder;
				GCC_MODEL_TUNING = G5;
				GCC_INLINES_ARE_PRIVATE_EXTERN = YES;
				ZERO_LINK = NO;
				DEBUG_INFORMATION_FORMAT = "dwarf";
				PRODUCT_NAME = "SoundPainter"; }; name = Release; };
		AA7F7D1097419572388ED7E1 = { isa = XCConfigurationList; buildConfigurations = (
				0EF712F92B766F87C610FA04,
				E27DC565F42D710CEBFE0B17 ); defaultConfigurationIsVisible = 0; defaultConfigurationName = Debug; };
		42B29A5A77A54EBAE78EFBD5 = { isa = XCConfigurationList; buildConfigurations = (
				73A8DACD4C736A9DB725F670,
				0D44533F66DBFF87CD817447 ); defaultConfigurationIsVisible = 0; defaultConfigurationName = Debug; };
		2DE19B53E0EC626B45DF6099 = { isa = PBXResourcesBuildPhase; buildActionMask = 2147483647; files = (  ); runOnlyForDeploymentPostprocessing = 0; };
		F98798B2AFD87CC8AFD1A446 = { isa = PBXSourcesBuildPhase; buildActionMask = 2147483647; files = (
				FD6152877F2073E1A4973632,
				A8DED69F4B8575700D135133,
				0D74C58CD8800C0164F381E7 ); runOnlyForDeploymentPostprocessing = 0; };
		AD9CC80B98C4B6E138B49347 = { isa = PBXFrameworksBuildPhase; buildActionMask = 2147483647; files = (
				9D3F1BAB1D48DDECB9F35916,
				BB2F22301BC0B61B96190C49,
				F9763090AD563D7CE352A9DC,
				B5FB5C1A68248335BC0ADE32,
				71F8751C52F2BEA7F1328ED1,
				A5CCB73411488E748522A9C8 ); runOnlyForDeploymentPostprocessing = 0; };
		81B9121E3D57DB0E694E0F05 = { isa = PBXNativeTarget; buildConfigurationList = 42B29A5A77A54EBAE78EFBD5; buildPhases = (
				2DE19B53E0EC626B45DF6099,
				F98798B2AFD87CC8AFD1A446,
				AD9CC80B98C4B6E138B49347 ); buildRules = ( ); dependencies = ( ); name = SoundPainter; productName = SoundPainter; productReference = B80618A036F4794E88624C20; productInstallPath = "$(HOME)/Applications"; productType = "com.apple.product-type.application"; };
		7C52A4672E6DF9F0D434355C = { isa = PBXProject; buildConfigurationList = AA7F7D1097419572388ED7E1; compatibilityVersion = "Xcode 3.0"; hasScannedForEncodings = 0; mainGroup = 1AFB455D09754971E26E2EE3; projectDirPath = ""; projectRoot = ""; targets = ( 81B9121E3D57DB0E694E0F05 ); };
	};
	rootObject = 7C52A4672E6DF9F0D434355C;
}
